
Microsoft Visual Studio Solution File, Format Version 12.00
# Visual Studio Version 16
VisualStudioVersion = 16.0.30114.105
MinimumVisualStudioVersion = 10.0.40219.1
Project("{FAE04EC0-301F-11D3-BF4B-00C04F79EFBC}") = "API", "API\API.csproj", "{842F11F2-4BC7-447E-BE90-EF603F7010DB}"
EndProject
Project("{FAE04EC0-301F-11D3-BF4B-00C04F79EFBC}") = "Application", "Application\Application.csproj", "{A75CBD6A-4797-42A6-BCA0-C595F84ACB6B}"
EndProject
Project("{FAE04EC0-301F-11D3-BF4B-00C04F79EFBC}") = "Domain", "Domain\Domain.csproj", "{6594A66A-ACEE-4EB3-8CF5-38C26638EE47}"
EndProject
Project("{FAE04EC0-301F-11D3-BF4B-00C04F79EFBC}") = "Persistence", "Persistence\Persistence.csproj", "{0710CB7B-6A65-4F47-8633-8BCED5C95AFE}"
EndProject
Global
	GlobalSection(SolutionConfigurationPlatforms) = preSolution
		Debug|Any CPU = Debug|Any CPU
		Release|Any CPU = Release|Any CPU
	EndGlobalSection
	GlobalSection(SolutionProperties) = preSolution
		HideSolutionNode = FALSE
	EndGlobalSection
	GlobalSection(ProjectConfigurationPlatforms) = postSolution
		{842F11F2-4BC7-447E-BE90-EF603F7010DB}.Debug|Any CPU.ActiveCfg = Debug|Any CPU
		{842F11F2-4BC7-447E-BE90-EF603F7010DB}.Debug|Any CPU.Build.0 = Debug|Any CPU
		{842F11F2-4BC7-447E-BE90-EF603F7010DB}.Release|Any CPU.ActiveCfg = Release|Any CPU
		{842F11F2-4BC7-447E-BE90-EF603F7010DB}.Release|Any CPU.Build.0 = Release|Any CPU
		{A75CBD6A-4797-42A6-BCA0-C595F84ACB6B}.Debug|Any CPU.ActiveCfg = Debug|Any CPU
		{A75CBD6A-4797-42A6-BCA0-C595F84ACB6B}.Debug|Any CPU.Build.0 = Debug|Any CPU
		{A75CBD6A-4797-42A6-BCA0-C595F84ACB6B}.Release|Any CPU.ActiveCfg = Release|Any CPU
		{A75CBD6A-4797-42A6-BCA0-C595F84ACB6B}.Release|Any CPU.Build.0 = Release|Any CPU
		{6594A66A-ACEE-4EB3-8CF5-38C26638EE47}.Debug|Any CPU.ActiveCfg = Debug|Any CPU
		{6594A66A-ACEE-4EB3-8CF5-38C26638EE47}.Debug|Any CPU.Build.0 = Debug|Any CPU
		{6594A66A-ACEE-4EB3-8CF5-38C26638EE47}.Release|Any CPU.ActiveCfg = Release|Any CPU
		{6594A66A-ACEE-4EB3-8CF5-38C26638EE47}.Release|Any CPU.Build.0 = Release|Any CPU
		{0710CB7B-6A65-4F47-8633-8BCED5C95AFE}.Debug|Any CPU.ActiveCfg = Debug|Any CPU
		{0710CB7B-6A65-4F47-8633-8BCED5C95AFE}.Debug|Any CPU.Build.0 = Debug|Any CPU
		{0710CB7B-6A65-4F47-8633-8BCED5C95AFE}.Release|Any CPU.ActiveCfg = Release|Any CPU
		{0710CB7B-6A65-4F47-8633-8BCED5C95AFE}.Release|Any CPU.Build.0 = Release|Any CPU
	EndGlobalSection
EndGlobal
